
Microsoft Visual Studio Solution File, Format Version 12.00
# Visual Studio Version 16
VisualStudioVersion = 16.0.30804.86
MinimumVisualStudioVersion = 10.0.40219.1
Project("{FAE04EC0-301F-11D3-BF4B-00C04F79EFBC}") = "07_ArrayDiziler", "ArrayDiziler\07_ArrayDiziler.csproj", "{D6209959-4628-4F80-B7B3-8EADB9A26E18}"
EndProject
Project("{FAE04EC0-301F-11D3-BF4B-00C04F79EFBC}") = "08.00_DongulerLoop", "Donguler\08.00_DongulerLoop.csproj", "{238AC4C7-013B-4C38-87FD-EED33747C182}"
EndProject
Project("{FAE04EC0-301F-11D3-BF4B-00C04F79EFBC}") = "08.05_AsalSayiKontrol", "AsalSayiKontrol\08.05_AsalSayiKontrol.csproj", "{05B34FDE-455E-4335-97C1-34DE6DAD58E2}"
EndProject
Project("{FAE04EC0-301F-11D3-BF4B-00C04F79EFBC}") = "09_StringMethod", "StringMethod\09_StringMethod.csproj", "{7D0D90CF-0C96-4948-AECC-722B89F0F67D}"
EndProject
Project("{FAE04EC0-301F-11D3-BF4B-00C04F79EFBC}") = "10_Classes", "Classes\10_Classes.csproj", "{CAD7043D-9EAC-4E45-8166-5987A9DE3193}"
EndProject
Project("{FAE04EC0-301F-11D3-BF4B-00C04F79EFBC}") = "11_Demo-DamaTahtasi", "Demo-DamaTahtasi\11_Demo-DamaTahtasi.csproj", "{79625CC4-D732-4933-A9C8-2E3F5AB9AF2F}"
EndProject
Project("{FAE04EC0-301F-11D3-BF4B-00C04F79EFBC}") = "12.00_Classes_Interfaces", "Interfaces\12.00_Classes_Interfaces.csproj", "{11129A85-AD72-417E-B47D-D61CE64676E6}"
EndProject
Project("{FAE04EC0-301F-11D3-BF4B-00C04F79EFBC}") = "12.05_Classes_InterfacesDemo", "InterfacesDemo\12.05_Classes_InterfacesDemo.csproj", "{BAAE01C4-06E1-42F8-A63F-35C540E51CC6}"
EndProject
Project("{FAE04EC0-301F-11D3-BF4B-00C04F79EFBC}") = "13.0_Classes_Inheritance_Kalitim", "InheritanceKalitim\13.0_Classes_Inheritance_Kalitim.csproj", "{0E01A247-0732-48FC-B4C0-94D98363178C}"
EndProject
Project("{2150E333-8FDC-42A3-9474-1A3956D46DE8}") = "Notlar", "Notlar", "{061BC58D-B48A-44A1-BB19-8CF3533D4D11}"
	ProjectSection(SolutionItems) = preProject
		TextFile1.txt = TextFile1.txt
	EndProjectSection
EndProject
Project("{FAE04EC0-301F-11D3-BF4B-00C04F79EFBC}") = "13.1_Classes_VirtualMethods", "VirtualMethods\13.1_Classes_VirtualMethods.csproj", "{3B8ED7FD-6DE6-4C16-9A7F-81A90B462A24}"
EndProject
Project("{FAE04EC0-301F-11D3-BF4B-00C04F79EFBC}") = "14_Classes_Abstract", "Classes_Abstract\14_Classes_Abstract.csproj", "{8107ACEF-7EFF-4B2A-BA0A-3974E52C011A}"
EndProject
Project("{FAE04EC0-301F-11D3-BF4B-00C04F79EFBC}") = "15_Demo-Classes-interface", "Demo-Classes\15_Demo-Classes-interface.csproj", "{8DEFA5B5-5458-4883-9D88-00BB8D595055}"
EndProject
Project("{FAE04EC0-301F-11D3-BF4B-00C04F79EFBC}") = "16_AccessModifiers", "AccessModifiers\16_AccessModifiers.csproj", "{059AE822-6B09-482C-953B-A5271F13EEAC}"
EndProject
Project("{FAE04EC0-301F-11D3-BF4B-00C04F79EFBC}") = "17_Constructors_YapiciBloklar", "Constructors_YapiciBloklar\17_Constructors_YapiciBloklar.csproj", "{9C956141-0BB6-43EF-95DA-C1D0438709D7}"
EndProject
Project("{FAE04EC0-301F-11D3-BF4B-00C04F79EFBC}") = "18_ReferenceAndValueType", "ReferenceAndValueType\18_ReferenceAndValueType.csproj", "{646AEEF4-13FE-4FC0-8D90-0DD49FC499D0}"
EndProject
Project("{FAE04EC0-301F-11D3-BF4B-00C04F79EFBC}") = "19..02_ArrayList_DiziListesi", "ArrayList_DiziListesi\19..02_ArrayList_DiziListesi.csproj", "{7DE6568B-674C-416C-8E3C-746E15FEDC72}"
EndProject
Project("{FAE04EC0-301F-11D3-BF4B-00C04F79EFBC}") = "19.03_List_TipGuvenliKoleksiyon", "List_TipGuvenliKoleksiyon\19.03_List_TipGuvenliKoleksiyon.csproj", "{83489429-EAA6-42BA-BDDD-2405C9D7D870}"
EndProject
Project("{FAE04EC0-301F-11D3-BF4B-00C04F79EFBC}") = "19.04_List_Collection_Ozellikleri", "List_Collection_Ozellikleri\19.04_List_Collection_Ozellikleri.csproj", "{80FAC98F-EA0C-4F72-B0C0-EDA5CAD14B0F}"
EndProject
Project("{FAE04EC0-301F-11D3-BF4B-00C04F79EFBC}") = "19.06_Dictionary_Calismak", "Dictionary_Calismak\19.06_Dictionary_Calismak.csproj", "{DDEB37CD-87FA-4EC1-9C73-B0641C9135BE}"
EndProject
Project("{FAE04EC0-301F-11D3-BF4B-00C04F79EFBC}") = "20_Exceptions_Try_Hata_Yonetimi", "Exceptions\20_Exceptions_Try_Hata_Yonetimi.csproj", "{2FFED5A8-6E31-4018-8A02-1E8BC78EFF9F}"
EndProject
Global
	GlobalSection(SolutionConfigurationPlatforms) = preSolution
		Debug|Any CPU = Debug|Any CPU
		Release|Any CPU = Release|Any CPU
	EndGlobalSection
	GlobalSection(ProjectConfigurationPlatforms) = postSolution
		{D6209959-4628-4F80-B7B3-8EADB9A26E18}.Debug|Any CPU.ActiveCfg = Debug|Any CPU
		{D6209959-4628-4F80-B7B3-8EADB9A26E18}.Debug|Any CPU.Build.0 = Debug|Any CPU
		{D6209959-4628-4F80-B7B3-8EADB9A26E18}.Release|Any CPU.ActiveCfg = Release|Any CPU
		{D6209959-4628-4F80-B7B3-8EADB9A26E18}.Release|Any CPU.Build.0 = Release|Any CPU
		{238AC4C7-013B-4C38-87FD-EED33747C182}.Debug|Any CPU.ActiveCfg = Debug|Any CPU
		{238AC4C7-013B-4C38-87FD-EED33747C182}.Debug|Any CPU.Build.0 = Debug|Any CPU
		{238AC4C7-013B-4C38-87FD-EED33747C182}.Release|Any CPU.ActiveCfg = Release|Any CPU
		{238AC4C7-013B-4C38-87FD-EED33747C182}.Release|Any CPU.Build.0 = Release|Any CPU
		{05B34FDE-455E-4335-97C1-34DE6DAD58E2}.Debug|Any CPU.ActiveCfg = Debug|Any CPU
		{05B34FDE-455E-4335-97C1-34DE6DAD58E2}.Debug|Any CPU.Build.0 = Debug|Any CPU
		{05B34FDE-455E-4335-97C1-34DE6DAD58E2}.Release|Any CPU.ActiveCfg = Release|Any CPU
		{05B34FDE-455E-4335-97C1-34DE6DAD58E2}.Release|Any CPU.Build.0 = Release|Any CPU
		{7D0D90CF-0C96-4948-AECC-722B89F0F67D}.Debug|Any CPU.ActiveCfg = Debug|Any CPU
		{7D0D90CF-0C96-4948-AECC-722B89F0F67D}.Debug|Any CPU.Build.0 = Debug|Any CPU
		{7D0D90CF-0C96-4948-AECC-722B89F0F67D}.Release|Any CPU.ActiveCfg = Release|Any CPU
		{7D0D90CF-0C96-4948-AECC-722B89F0F67D}.Release|Any CPU.Build.0 = Release|Any CPU
		{CAD7043D-9EAC-4E45-8166-5987A9DE3193}.Debug|Any CPU.ActiveCfg = Debug|Any CPU
		{CAD7043D-9EAC-4E45-8166-5987A9DE3193}.Debug|Any CPU.Build.0 = Debug|Any CPU
		{CAD7043D-9EAC-4E45-8166-5987A9DE3193}.Release|Any CPU.ActiveCfg = Release|Any CPU
		{CAD7043D-9EAC-4E45-8166-5987A9DE3193}.Release|Any CPU.Build.0 = Release|Any CPU
		{79625CC4-D732-4933-A9C8-2E3F5AB9AF2F}.Debug|Any CPU.ActiveCfg = Debug|Any CPU
		{79625CC4-D732-4933-A9C8-2E3F5AB9AF2F}.Debug|Any CPU.Build.0 = Debug|Any CPU
		{79625CC4-D732-4933-A9C8-2E3F5AB9AF2F}.Release|Any CPU.ActiveCfg = Release|Any CPU
		{79625CC4-D732-4933-A9C8-2E3F5AB9AF2F}.Release|Any CPU.Build.0 = Release|Any CPU
		{11129A85-AD72-417E-B47D-D61CE64676E6}.Debug|Any CPU.ActiveCfg = Debug|Any CPU
		{11129A85-AD72-417E-B47D-D61CE64676E6}.Debug|Any CPU.Build.0 = Debug|Any CPU
		{11129A85-AD72-417E-B47D-D61CE64676E6}.Release|Any CPU.ActiveCfg = Release|Any CPU
		{11129A85-AD72-417E-B47D-D61CE64676E6}.Release|Any CPU.Build.0 = Release|Any CPU
		{BAAE01C4-06E1-42F8-A63F-35C540E51CC6}.Debug|Any CPU.ActiveCfg = Debug|Any CPU
		{BAAE01C4-06E1-42F8-A63F-35C540E51CC6}.Debug|Any CPU.Build.0 = Debug|Any CPU
		{BAAE01C4-06E1-42F8-A63F-35C540E51CC6}.Release|Any CPU.ActiveCfg = Release|Any CPU
		{BAAE01C4-06E1-42F8-A63F-35C540E51CC6}.Release|Any CPU.Build.0 = Release|Any CPU
		{0E01A247-0732-48FC-B4C0-94D98363178C}.Debug|Any CPU.ActiveCfg = Debug|Any CPU
		{0E01A247-0732-48FC-B4C0-94D98363178C}.Debug|Any CPU.Build.0 = Debug|Any CPU
		{0E01A247-0732-48FC-B4C0-94D98363178C}.Release|Any CPU.ActiveCfg = Release|Any CPU
		{0E01A247-0732-48FC-B4C0-94D98363178C}.Release|Any CPU.Build.0 = Release|Any CPU
		{3B8ED7FD-6DE6-4C16-9A7F-81A90B462A24}.Debug|Any CPU.ActiveCfg = Debug|Any CPU
		{3B8ED7FD-6DE6-4C16-9A7F-81A90B462A24}.Debug|Any CPU.Build.0 = Debug|Any CPU
		{3B8ED7FD-6DE6-4C16-9A7F-81A90B462A24}.Release|Any CPU.ActiveCfg = Release|Any CPU
		{3B8ED7FD-6DE6-4C16-9A7F-81A90B462A24}.Release|Any CPU.Build.0 = Release|Any CPU
		{8107ACEF-7EFF-4B2A-BA0A-3974E52C011A}.Debug|Any CPU.ActiveCfg = Debug|Any CPU
		{8107ACEF-7EFF-4B2A-BA0A-3974E52C011A}.Debug|Any CPU.Build.0 = Debug|Any CPU
		{8107ACEF-7EFF-4B2A-BA0A-3974E52C011A}.Release|Any CPU.ActiveCfg = Release|Any CPU
		{8107ACEF-7EFF-4B2A-BA0A-3974E52C011A}.Release|Any CPU.Build.0 = Release|Any CPU
		{8DEFA5B5-5458-4883-9D88-00BB8D595055}.Debug|Any CPU.ActiveCfg = Debug|Any CPU
		{8DEFA5B5-5458-4883-9D88-00BB8D595055}.Debug|Any CPU.Build.0 = Debug|Any CPU
		{8DEFA5B5-5458-4883-9D88-00BB8D595055}.Release|Any CPU.ActiveCfg = Release|Any CPU
		{8DEFA5B5-5458-4883-9D88-00BB8D595055}.Release|Any CPU.Build.0 = Release|Any CPU
		{059AE822-6B09-482C-953B-A5271F13EEAC}.Debug|Any CPU.ActiveCfg = Debug|Any CPU
		{059AE822-6B09-482C-953B-A5271F13EEAC}.Debug|Any CPU.Build.0 = Debug|Any CPU
		{059AE822-6B09-482C-953B-A5271F13EEAC}.Release|Any CPU.ActiveCfg = Release|Any CPU
		{059AE822-6B09-482C-953B-A5271F13EEAC}.Release|Any CPU.Build.0 = Release|Any CPU
		{9C956141-0BB6-43EF-95DA-C1D0438709D7}.Debug|Any CPU.ActiveCfg = Debug|Any CPU
		{9C956141-0BB6-43EF-95DA-C1D0438709D7}.Debug|Any CPU.Build.0 = Debug|Any CPU
		{9C956141-0BB6-43EF-95DA-C1D0438709D7}.Release|Any CPU.ActiveCfg = Release|Any CPU
		{9C956141-0BB6-43EF-95DA-C1D0438709D7}.Release|Any CPU.Build.0 = Release|Any CPU
		{646AEEF4-13FE-4FC0-8D90-0DD49FC499D0}.Debug|Any CPU.ActiveCfg = Debug|Any CPU
		{646AEEF4-13FE-4FC0-8D90-0DD49FC499D0}.Debug|Any CPU.Build.0 = Debug|Any CPU
		{646AEEF4-13FE-4FC0-8D90-0DD49FC499D0}.Release|Any CPU.ActiveCfg = Release|Any CPU
		{646AEEF4-13FE-4FC0-8D90-0DD49FC499D0}.Release|Any CPU.Build.0 = Release|Any CPU
		{7DE6568B-674C-416C-8E3C-746E15FEDC72}.Debug|Any CPU.ActiveCfg = Debug|Any CPU
		{7DE6568B-674C-416C-8E3C-746E15FEDC72}.Debug|Any CPU.Build.0 = Debug|Any CPU
		{7DE6568B-674C-416C-8E3C-746E15FEDC72}.Release|Any CPU.ActiveCfg = Release|Any CPU
		{7DE6568B-674C-416C-8E3C-746E15FEDC72}.Release|Any CPU.Build.0 = Release|Any CPU
		{83489429-EAA6-42BA-BDDD-2405C9D7D870}.Debug|Any CPU.ActiveCfg = Debug|Any CPU
		{83489429-EAA6-42BA-BDDD-2405C9D7D870}.Debug|Any CPU.Build.0 = Debug|Any CPU
		{83489429-EAA6-42BA-BDDD-2405C9D7D870}.Release|Any CPU.ActiveCfg = Release|Any CPU
		{83489429-EAA6-42BA-BDDD-2405C9D7D870}.Release|Any CPU.Build.0 = Release|Any CPU
		{80FAC98F-EA0C-4F72-B0C0-EDA5CAD14B0F}.Debug|Any CPU.ActiveCfg = Debug|Any CPU
		{80FAC98F-EA0C-4F72-B0C0-EDA5CAD14B0F}.Debug|Any CPU.Build.0 = Debug|Any CPU
		{80FAC98F-EA0C-4F72-B0C0-EDA5CAD14B0F}.Release|Any CPU.ActiveCfg = Release|Any CPU
		{80FAC98F-EA0C-4F72-B0C0-EDA5CAD14B0F}.Release|Any CPU.Build.0 = Release|Any CPU
		{DDEB37CD-87FA-4EC1-9C73-B0641C9135BE}.Debug|Any CPU.ActiveCfg = Debug|Any CPU
		{DDEB37CD-87FA-4EC1-9C73-B0641C9135BE}.Debug|Any CPU.Build.0 = Debug|Any CPU
		{DDEB37CD-87FA-4EC1-9C73-B0641C9135BE}.Release|Any CPU.ActiveCfg = Release|Any CPU
		{DDEB37CD-87FA-4EC1-9C73-B0641C9135BE}.Release|Any CPU.Build.0 = Release|Any CPU
		{2FFED5A8-6E31-4018-8A02-1E8BC78EFF9F}.Debug|Any CPU.ActiveCfg = Debug|Any CPU
		{2FFED5A8-6E31-4018-8A02-1E8BC78EFF9F}.Debug|Any CPU.Build.0 = Debug|Any CPU
		{2FFED5A8-6E31-4018-8A02-1E8BC78EFF9F}.Release|Any CPU.ActiveCfg = Release|Any CPU
		{2FFED5A8-6E31-4018-8A02-1E8BC78EFF9F}.Release|Any CPU.Build.0 = Release|Any CPU
	EndGlobalSection
	GlobalSection(SolutionProperties) = preSolution
		HideSolutionNode = FALSE
	EndGlobalSection
	GlobalSection(ExtensibilityGlobals) = postSolution
		SolutionGuid = {95D324D2-03F1-4FE6-A1E6-131B4CB5F549}
	EndGlobalSection
EndGlobal
