
Microsoft Visual Studio Solution File, Format Version 12.00
# Visual Studio Version 17
VisualStudioVersion = 17.1.32328.378
MinimumVisualStudioVersion = 10.0.40219.1
Project("{2150E333-8FDC-42A3-9474-1A3956D46DE8}") = "Notlar", "Notlar", "{061BC58D-B48A-44A1-BB19-8CF3533D4D11}"
	ProjectSection(SolutionItems) = preProject
		Notlar.txt = Notlar.txt
	EndProjectSection
EndProject
Project("{FAE04EC0-301F-11D3-BF4B-00C04F79EFBC}") = "25_Attributes", "25_Attributes\25_Attributes.csproj", "{6B0143D2-98AF-4466-AF90-93EA7502F4D8}"
EndProject
Project("{2150E333-8FDC-42A3-9474-1A3956D46DE8}") = "MulakatSorulari", "MulakatSorulari", "{BED14F6B-521D-4753-8795-C6C9CA85E936}"
EndProject
Project("{FAE04EC0-301F-11D3-BF4B-00C04F79EFBC}") = "111.4_DegerveReferansTipler", "111.4_DegerveReferansTipler\111.4_DegerveReferansTipler.csproj", "{EAB02D3A-0BA3-4AB6-91A8-26036BC77AB8}"
EndProject
Project("{FAE04EC0-301F-11D3-BF4B-00C04F79EFBC}") = "111.5_Interface_Nedir_Ne_ise_Yarar", "111.5_Interface_Nedir_Ne_ise_Yarar\111.5_Interface_Nedir_Ne_ise_Yarar.csproj", "{B07B94C9-BA25-4BE1-A10B-96E90CF3ED80}"
EndProject
Project("{FAE04EC0-301F-11D3-BF4B-00C04F79EFBC}") = "10_Classes", "10_Classes\10_Classes.csproj", "{DB3F517C-BE30-4B72-9F42-A173E0FFC901}"
EndProject
Project("{FAE04EC0-301F-11D3-BF4B-00C04F79EFBC}") = "07_ArrayDiziler", "07_ArrayDiziler\07_ArrayDiziler.csproj", "{877A36DA-266D-4EAF-A50D-0E32694BCF9C}"
EndProject
Project("{FAE04EC0-301F-11D3-BF4B-00C04F79EFBC}") = "08.00_DongulerLoop", "08.00_DongulerLoop\08.00_DongulerLoop.csproj", "{CB1C1D6A-E29A-43B5-A850-CE44EB6455B1}"
EndProject
Project("{FAE04EC0-301F-11D3-BF4B-00C04F79EFBC}") = "08.05_AsalSayiKontrol", "08.05_AsalSayiKontrol\08.05_AsalSayiKontrol.csproj", "{D7FD2C5B-941F-4EF3-8EF7-0534153CD803}"
EndProject
Project("{FAE04EC0-301F-11D3-BF4B-00C04F79EFBC}") = "09_StringMethod", "09_StringMethod\09_StringMethod.csproj", "{9E1E254B-4298-4C08-BBCF-F9794AEDB6AC}"
EndProject
Project("{FAE04EC0-301F-11D3-BF4B-00C04F79EFBC}") = "11_Demo-DamaTahtasi", "11_Demo-DamaTahtasi\11_Demo-DamaTahtasi.csproj", "{52220693-0C93-48DC-A528-3E0DB1D835A6}"
EndProject
Project("{FAE04EC0-301F-11D3-BF4B-00C04F79EFBC}") = "12.00_Interfaces", "12.00_Interfaces\12.00_Interfaces.csproj", "{D9A7BD78-9AD1-4464-86CD-90F08E38F205}"
EndProject
Project("{FAE04EC0-301F-11D3-BF4B-00C04F79EFBC}") = "13.0_Inheritance_Kalitim", "13.0_Inheritance_Kalitim\13.0_Inheritance_Kalitim.csproj", "{90B04E10-2F13-4949-B041-9C96BC33E348}"
EndProject
Project("{FAE04EC0-301F-11D3-BF4B-00C04F79EFBC}") = "13.1_VirtualMethods", "13.1_VirtualMethods\13.1_VirtualMethods.csproj", "{A91F9C3F-60C7-41C0-8945-82B77AC5CED4}"
EndProject
Project("{FAE04EC0-301F-11D3-BF4B-00C04F79EFBC}") = "14_Abstract_Classes_", "14_Abstract_Classes_\14_Abstract_Classes_.csproj", "{0858DE31-E478-415D-9677-E1AE27199313}"
EndProject
Project("{FAE04EC0-301F-11D3-BF4B-00C04F79EFBC}") = "12.05_Interfaces_Multi", "12.05_Interfaces_Multi\12.05_Interfaces_Multi.csproj", "{D8C9B689-B72F-4F27-A77D-611DF81694C2}"
EndProject
Project("{FAE04EC0-301F-11D3-BF4B-00C04F79EFBC}") = "15_interface_Demo", "15_interface_Demo\15_interface_Demo.csproj", "{91FAEBB4-EE92-4B90-8096-15C30D11450D}"
EndProject
Project("{FAE04EC0-301F-11D3-BF4B-00C04F79EFBC}") = "16_AccessModifiers", "16_AccessModifiers\16_AccessModifiers.csproj", "{4E90118E-109E-4CEA-80CC-E431C0F65E7E}"
EndProject
Project("{FAE04EC0-301F-11D3-BF4B-00C04F79EFBC}") = "17_Constructors_Yapici_Bloklar", "17_Constructors_Yapici_Bloklar\17_Constructors_Yapici_Bloklar.csproj", "{9E7DFE73-8B8E-41FA-A17C-050B0F009FBE}"
EndProject
Project("{FAE04EC0-301F-11D3-BF4B-00C04F79EFBC}") = "18_ReferenceAndValueType", "18_ReferenceAndValueType\18_ReferenceAndValueType.csproj", "{A7BEFB11-E921-4F22-B312-C1AC17FD493A}"
EndProject
Project("{FAE04EC0-301F-11D3-BF4B-00C04F79EFBC}") = "19.02_ArrayList_Dizi_Listesi", "19.02_ArrayList_Dizi_Listesi\19.02_ArrayList_Dizi_Listesi.csproj", "{E5A48C2C-3366-487F-AB82-9634562E90E3}"
EndProject
Project("{FAE04EC0-301F-11D3-BF4B-00C04F79EFBC}") = "19.03_List", "19.03_List\19.03_List.csproj", "{A5E17B76-BBC6-43AC-AD70-B5EDE5AC28BD}"
EndProject
Project("{FAE04EC0-301F-11D3-BF4B-00C04F79EFBC}") = "19.04_List_Ozellikleri", "19.04_List_Ozellikleri\19.04_List_Ozellikleri.csproj", "{32DD9CA6-3D58-46FD-AC63-8F72BA924542}"
EndProject
Project("{FAE04EC0-301F-11D3-BF4B-00C04F79EFBC}") = "19.06_Dictionary", "19.06_Dictionary\19.06_Dictionary.csproj", "{F726F51D-FE1E-462F-BD99-53C80536D03C}"
EndProject
Project("{FAE04EC0-301F-11D3-BF4B-00C04F79EFBC}") = "20_Exceptions_Try_Hata", "20_Exceptions_Try_Hata\20_Exceptions_Try_Hata.csproj", "{C6ED0F48-566D-428F-AE8D-7F087D53A96F}"
EndProject
Project("{FAE04EC0-301F-11D3-BF4B-00C04F79EFBC}") = "21_ADONET_Demo", "21_ADONET_Demo\21_ADONET_Demo.csproj", "{3F058F66-A158-4C6B-A8EA-0E797ED06972}"
EndProject
Project("{FAE04EC0-301F-11D3-BF4B-00C04F79EFBC}") = "22_EntityFrameworkDemo", "22_EntityFrameworkDemo\22_EntityFrameworkDemo.csproj", "{4767F86E-2D93-4E84-A52A-63EBB82E4FCE}"
EndProject
Project("{FAE04EC0-301F-11D3-BF4B-00C04F79EFBC}") = "24_Generic_Class_Method", "24_Generic_Class_Method\24_Generic_Class_Method.csproj", "{8701421C-3DA8-424E-847D-6F73633D401C}"
EndProject
Global
	GlobalSection(SolutionConfigurationPlatforms) = preSolution
		Debug|Any CPU = Debug|Any CPU
		Release|Any CPU = Release|Any CPU
	EndGlobalSection
	GlobalSection(ProjectConfigurationPlatforms) = postSolution
		{6B0143D2-98AF-4466-AF90-93EA7502F4D8}.Debug|Any CPU.ActiveCfg = Debug|Any CPU
		{6B0143D2-98AF-4466-AF90-93EA7502F4D8}.Debug|Any CPU.Build.0 = Debug|Any CPU
		{6B0143D2-98AF-4466-AF90-93EA7502F4D8}.Release|Any CPU.ActiveCfg = Release|Any CPU
		{6B0143D2-98AF-4466-AF90-93EA7502F4D8}.Release|Any CPU.Build.0 = Release|Any CPU
		{EAB02D3A-0BA3-4AB6-91A8-26036BC77AB8}.Debug|Any CPU.ActiveCfg = Debug|Any CPU
		{EAB02D3A-0BA3-4AB6-91A8-26036BC77AB8}.Debug|Any CPU.Build.0 = Debug|Any CPU
		{EAB02D3A-0BA3-4AB6-91A8-26036BC77AB8}.Release|Any CPU.ActiveCfg = Release|Any CPU
		{EAB02D3A-0BA3-4AB6-91A8-26036BC77AB8}.Release|Any CPU.Build.0 = Release|Any CPU
		{B07B94C9-BA25-4BE1-A10B-96E90CF3ED80}.Debug|Any CPU.ActiveCfg = Debug|Any CPU
		{B07B94C9-BA25-4BE1-A10B-96E90CF3ED80}.Debug|Any CPU.Build.0 = Debug|Any CPU
		{B07B94C9-BA25-4BE1-A10B-96E90CF3ED80}.Release|Any CPU.ActiveCfg = Release|Any CPU
		{B07B94C9-BA25-4BE1-A10B-96E90CF3ED80}.Release|Any CPU.Build.0 = Release|Any CPU
		{DB3F517C-BE30-4B72-9F42-A173E0FFC901}.Debug|Any CPU.ActiveCfg = Debug|Any CPU
		{DB3F517C-BE30-4B72-9F42-A173E0FFC901}.Debug|Any CPU.Build.0 = Debug|Any CPU
		{DB3F517C-BE30-4B72-9F42-A173E0FFC901}.Release|Any CPU.ActiveCfg = Release|Any CPU
		{DB3F517C-BE30-4B72-9F42-A173E0FFC901}.Release|Any CPU.Build.0 = Release|Any CPU
		{877A36DA-266D-4EAF-A50D-0E32694BCF9C}.Debug|Any CPU.ActiveCfg = Debug|Any CPU
		{877A36DA-266D-4EAF-A50D-0E32694BCF9C}.Debug|Any CPU.Build.0 = Debug|Any CPU
		{877A36DA-266D-4EAF-A50D-0E32694BCF9C}.Release|Any CPU.ActiveCfg = Release|Any CPU
		{877A36DA-266D-4EAF-A50D-0E32694BCF9C}.Release|Any CPU.Build.0 = Release|Any CPU
		{CB1C1D6A-E29A-43B5-A850-CE44EB6455B1}.Debug|Any CPU.ActiveCfg = Debug|Any CPU
		{CB1C1D6A-E29A-43B5-A850-CE44EB6455B1}.Debug|Any CPU.Build.0 = Debug|Any CPU
		{CB1C1D6A-E29A-43B5-A850-CE44EB6455B1}.Release|Any CPU.ActiveCfg = Release|Any CPU
		{CB1C1D6A-E29A-43B5-A850-CE44EB6455B1}.Release|Any CPU.Build.0 = Release|Any CPU
		{D7FD2C5B-941F-4EF3-8EF7-0534153CD803}.Debug|Any CPU.ActiveCfg = Debug|Any CPU
		{D7FD2C5B-941F-4EF3-8EF7-0534153CD803}.Debug|Any CPU.Build.0 = Debug|Any CPU
		{D7FD2C5B-941F-4EF3-8EF7-0534153CD803}.Release|Any CPU.ActiveCfg = Release|Any CPU
		{D7FD2C5B-941F-4EF3-8EF7-0534153CD803}.Release|Any CPU.Build.0 = Release|Any CPU
		{9E1E254B-4298-4C08-BBCF-F9794AEDB6AC}.Debug|Any CPU.ActiveCfg = Debug|Any CPU
		{9E1E254B-4298-4C08-BBCF-F9794AEDB6AC}.Debug|Any CPU.Build.0 = Debug|Any CPU
		{9E1E254B-4298-4C08-BBCF-F9794AEDB6AC}.Release|Any CPU.ActiveCfg = Release|Any CPU
		{9E1E254B-4298-4C08-BBCF-F9794AEDB6AC}.Release|Any CPU.Build.0 = Release|Any CPU
		{52220693-0C93-48DC-A528-3E0DB1D835A6}.Debug|Any CPU.ActiveCfg = Debug|Any CPU
		{52220693-0C93-48DC-A528-3E0DB1D835A6}.Debug|Any CPU.Build.0 = Debug|Any CPU
		{52220693-0C93-48DC-A528-3E0DB1D835A6}.Release|Any CPU.ActiveCfg = Release|Any CPU
		{52220693-0C93-48DC-A528-3E0DB1D835A6}.Release|Any CPU.Build.0 = Release|Any CPU
		{D9A7BD78-9AD1-4464-86CD-90F08E38F205}.Debug|Any CPU.ActiveCfg = Debug|Any CPU
		{D9A7BD78-9AD1-4464-86CD-90F08E38F205}.Debug|Any CPU.Build.0 = Debug|Any CPU
		{D9A7BD78-9AD1-4464-86CD-90F08E38F205}.Release|Any CPU.ActiveCfg = Release|Any CPU
		{D9A7BD78-9AD1-4464-86CD-90F08E38F205}.Release|Any CPU.Build.0 = Release|Any CPU
		{90B04E10-2F13-4949-B041-9C96BC33E348}.Debug|Any CPU.ActiveCfg = Debug|Any CPU
		{90B04E10-2F13-4949-B041-9C96BC33E348}.Debug|Any CPU.Build.0 = Debug|Any CPU
		{90B04E10-2F13-4949-B041-9C96BC33E348}.Release|Any CPU.ActiveCfg = Release|Any CPU
		{90B04E10-2F13-4949-B041-9C96BC33E348}.Release|Any CPU.Build.0 = Release|Any CPU
		{A91F9C3F-60C7-41C0-8945-82B77AC5CED4}.Debug|Any CPU.ActiveCfg = Debug|Any CPU
		{A91F9C3F-60C7-41C0-8945-82B77AC5CED4}.Debug|Any CPU.Build.0 = Debug|Any CPU
		{A91F9C3F-60C7-41C0-8945-82B77AC5CED4}.Release|Any CPU.ActiveCfg = Release|Any CPU
		{A91F9C3F-60C7-41C0-8945-82B77AC5CED4}.Release|Any CPU.Build.0 = Release|Any CPU
		{0858DE31-E478-415D-9677-E1AE27199313}.Debug|Any CPU.ActiveCfg = Debug|Any CPU
		{0858DE31-E478-415D-9677-E1AE27199313}.Debug|Any CPU.Build.0 = Debug|Any CPU
		{0858DE31-E478-415D-9677-E1AE27199313}.Release|Any CPU.ActiveCfg = Release|Any CPU
		{0858DE31-E478-415D-9677-E1AE27199313}.Release|Any CPU.Build.0 = Release|Any CPU
		{D8C9B689-B72F-4F27-A77D-611DF81694C2}.Debug|Any CPU.ActiveCfg = Debug|Any CPU
		{D8C9B689-B72F-4F27-A77D-611DF81694C2}.Debug|Any CPU.Build.0 = Debug|Any CPU
		{D8C9B689-B72F-4F27-A77D-611DF81694C2}.Release|Any CPU.ActiveCfg = Release|Any CPU
		{D8C9B689-B72F-4F27-A77D-611DF81694C2}.Release|Any CPU.Build.0 = Release|Any CPU
		{91FAEBB4-EE92-4B90-8096-15C30D11450D}.Debug|Any CPU.ActiveCfg = Debug|Any CPU
		{91FAEBB4-EE92-4B90-8096-15C30D11450D}.Debug|Any CPU.Build.0 = Debug|Any CPU
		{91FAEBB4-EE92-4B90-8096-15C30D11450D}.Release|Any CPU.ActiveCfg = Release|Any CPU
		{91FAEBB4-EE92-4B90-8096-15C30D11450D}.Release|Any CPU.Build.0 = Release|Any CPU
		{4E90118E-109E-4CEA-80CC-E431C0F65E7E}.Debug|Any CPU.ActiveCfg = Debug|Any CPU
		{4E90118E-109E-4CEA-80CC-E431C0F65E7E}.Debug|Any CPU.Build.0 = Debug|Any CPU
		{4E90118E-109E-4CEA-80CC-E431C0F65E7E}.Release|Any CPU.ActiveCfg = Release|Any CPU
		{4E90118E-109E-4CEA-80CC-E431C0F65E7E}.Release|Any CPU.Build.0 = Release|Any CPU
		{9E7DFE73-8B8E-41FA-A17C-050B0F009FBE}.Debug|Any CPU.ActiveCfg = Debug|Any CPU
		{9E7DFE73-8B8E-41FA-A17C-050B0F009FBE}.Debug|Any CPU.Build.0 = Debug|Any CPU
		{9E7DFE73-8B8E-41FA-A17C-050B0F009FBE}.Release|Any CPU.ActiveCfg = Release|Any CPU
		{9E7DFE73-8B8E-41FA-A17C-050B0F009FBE}.Release|Any CPU.Build.0 = Release|Any CPU
		{A7BEFB11-E921-4F22-B312-C1AC17FD493A}.Debug|Any CPU.ActiveCfg = Debug|Any CPU
		{A7BEFB11-E921-4F22-B312-C1AC17FD493A}.Debug|Any CPU.Build.0 = Debug|Any CPU
		{A7BEFB11-E921-4F22-B312-C1AC17FD493A}.Release|Any CPU.ActiveCfg = Release|Any CPU
		{A7BEFB11-E921-4F22-B312-C1AC17FD493A}.Release|Any CPU.Build.0 = Release|Any CPU
		{E5A48C2C-3366-487F-AB82-9634562E90E3}.Debug|Any CPU.ActiveCfg = Debug|Any CPU
		{E5A48C2C-3366-487F-AB82-9634562E90E3}.Debug|Any CPU.Build.0 = Debug|Any CPU
		{E5A48C2C-3366-487F-AB82-9634562E90E3}.Release|Any CPU.ActiveCfg = Release|Any CPU
		{E5A48C2C-3366-487F-AB82-9634562E90E3}.Release|Any CPU.Build.0 = Release|Any CPU
		{A5E17B76-BBC6-43AC-AD70-B5EDE5AC28BD}.Debug|Any CPU.ActiveCfg = Debug|Any CPU
		{A5E17B76-BBC6-43AC-AD70-B5EDE5AC28BD}.Debug|Any CPU.Build.0 = Debug|Any CPU
		{A5E17B76-BBC6-43AC-AD70-B5EDE5AC28BD}.Release|Any CPU.ActiveCfg = Release|Any CPU
		{A5E17B76-BBC6-43AC-AD70-B5EDE5AC28BD}.Release|Any CPU.Build.0 = Release|Any CPU
		{32DD9CA6-3D58-46FD-AC63-8F72BA924542}.Debug|Any CPU.ActiveCfg = Debug|Any CPU
		{32DD9CA6-3D58-46FD-AC63-8F72BA924542}.Debug|Any CPU.Build.0 = Debug|Any CPU
		{32DD9CA6-3D58-46FD-AC63-8F72BA924542}.Release|Any CPU.ActiveCfg = Release|Any CPU
		{32DD9CA6-3D58-46FD-AC63-8F72BA924542}.Release|Any CPU.Build.0 = Release|Any CPU
		{F726F51D-FE1E-462F-BD99-53C80536D03C}.Debug|Any CPU.ActiveCfg = Debug|Any CPU
		{F726F51D-FE1E-462F-BD99-53C80536D03C}.Debug|Any CPU.Build.0 = Debug|Any CPU
		{F726F51D-FE1E-462F-BD99-53C80536D03C}.Release|Any CPU.ActiveCfg = Release|Any CPU
		{F726F51D-FE1E-462F-BD99-53C80536D03C}.Release|Any CPU.Build.0 = Release|Any CPU
		{C6ED0F48-566D-428F-AE8D-7F087D53A96F}.Debug|Any CPU.ActiveCfg = Debug|Any CPU
		{C6ED0F48-566D-428F-AE8D-7F087D53A96F}.Debug|Any CPU.Build.0 = Debug|Any CPU
		{C6ED0F48-566D-428F-AE8D-7F087D53A96F}.Release|Any CPU.ActiveCfg = Release|Any CPU
		{C6ED0F48-566D-428F-AE8D-7F087D53A96F}.Release|Any CPU.Build.0 = Release|Any CPU
		{3F058F66-A158-4C6B-A8EA-0E797ED06972}.Debug|Any CPU.ActiveCfg = Debug|Any CPU
		{3F058F66-A158-4C6B-A8EA-0E797ED06972}.Debug|Any CPU.Build.0 = Debug|Any CPU
		{3F058F66-A158-4C6B-A8EA-0E797ED06972}.Release|Any CPU.ActiveCfg = Release|Any CPU
		{3F058F66-A158-4C6B-A8EA-0E797ED06972}.Release|Any CPU.Build.0 = Release|Any CPU
		{4767F86E-2D93-4E84-A52A-63EBB82E4FCE}.Debug|Any CPU.ActiveCfg = Debug|Any CPU
		{4767F86E-2D93-4E84-A52A-63EBB82E4FCE}.Debug|Any CPU.Build.0 = Debug|Any CPU
		{4767F86E-2D93-4E84-A52A-63EBB82E4FCE}.Release|Any CPU.ActiveCfg = Release|Any CPU
		{4767F86E-2D93-4E84-A52A-63EBB82E4FCE}.Release|Any CPU.Build.0 = Release|Any CPU
		{8701421C-3DA8-424E-847D-6F73633D401C}.Debug|Any CPU.ActiveCfg = Debug|Any CPU
		{8701421C-3DA8-424E-847D-6F73633D401C}.Debug|Any CPU.Build.0 = Debug|Any CPU
		{8701421C-3DA8-424E-847D-6F73633D401C}.Release|Any CPU.ActiveCfg = Release|Any CPU
		{8701421C-3DA8-424E-847D-6F73633D401C}.Release|Any CPU.Build.0 = Release|Any CPU
	EndGlobalSection
	GlobalSection(SolutionProperties) = preSolution
		HideSolutionNode = FALSE
	EndGlobalSection
	GlobalSection(NestedProjects) = preSolution
		{EAB02D3A-0BA3-4AB6-91A8-26036BC77AB8} = {BED14F6B-521D-4753-8795-C6C9CA85E936}
		{B07B94C9-BA25-4BE1-A10B-96E90CF3ED80} = {BED14F6B-521D-4753-8795-C6C9CA85E936}
	EndGlobalSection
	GlobalSection(ExtensibilityGlobals) = postSolution
		SolutionGuid = {95D324D2-03F1-4FE6-A1E6-131B4CB5F549}
	EndGlobalSection
EndGlobal
