
Microsoft Visual Studio Solution File, Format Version 12.00
# Visual Studio Version 17
VisualStudioVersion = 17.1.32328.378
MinimumVisualStudioVersion = 10.0.40219.1
Project("{FAE04EC0-301F-11D3-BF4B-00C04F79EFBC}") = "ArrayDiziler", "ArrayDiziler\ArrayDiziler.csproj", "{D6209959-4628-4F80-B7B3-8EADB9A26E18}"
EndProject
Project("{FAE04EC0-301F-11D3-BF4B-00C04F79EFBC}") = "DongulerLoop", "Donguler\DongulerLoop.csproj", "{238AC4C7-013B-4C38-87FD-EED33747C182}"
EndProject
Project("{FAE04EC0-301F-11D3-BF4B-00C04F79EFBC}") = "AsalSayiKontrol", "AsalSayiKontrol\AsalSayiKontrol.csproj", "{05B34FDE-455E-4335-97C1-34DE6DAD58E2}"
EndProject
Global
	GlobalSection(SolutionConfigurationPlatforms) = preSolution
		Debug|Any CPU = Debug|Any CPU
		Release|Any CPU = Release|Any CPU
	EndGlobalSection
	GlobalSection(ProjectConfigurationPlatforms) = postSolution
		{D6209959-4628-4F80-B7B3-8EADB9A26E18}.Debug|Any CPU.ActiveCfg = Debug|Any CPU
		{D6209959-4628-4F80-B7B3-8EADB9A26E18}.Debug|Any CPU.Build.0 = Debug|Any CPU
		{D6209959-4628-4F80-B7B3-8EADB9A26E18}.Release|Any CPU.ActiveCfg = Release|Any CPU
		{D6209959-4628-4F80-B7B3-8EADB9A26E18}.Release|Any CPU.Build.0 = Release|Any CPU
		{238AC4C7-013B-4C38-87FD-EED33747C182}.Debug|Any CPU.ActiveCfg = Debug|Any CPU
		{238AC4C7-013B-4C38-87FD-EED33747C182}.Debug|Any CPU.Build.0 = Debug|Any CPU
		{238AC4C7-013B-4C38-87FD-EED33747C182}.Release|Any CPU.ActiveCfg = Release|Any CPU
		{238AC4C7-013B-4C38-87FD-EED33747C182}.Release|Any CPU.Build.0 = Release|Any CPU
		{05B34FDE-455E-4335-97C1-34DE6DAD58E2}.Debug|Any CPU.ActiveCfg = Debug|Any CPU
		{05B34FDE-455E-4335-97C1-34DE6DAD58E2}.Debug|Any CPU.Build.0 = Debug|Any CPU
		{05B34FDE-455E-4335-97C1-34DE6DAD58E2}.Release|Any CPU.ActiveCfg = Release|Any CPU
		{05B34FDE-455E-4335-97C1-34DE6DAD58E2}.Release|Any CPU.Build.0 = Release|Any CPU
	EndGlobalSection
	GlobalSection(SolutionProperties) = preSolution
		HideSolutionNode = FALSE
	EndGlobalSection
	GlobalSection(ExtensibilityGlobals) = postSolution
		SolutionGuid = {95D324D2-03F1-4FE6-A1E6-131B4CB5F549}
	EndGlobalSection
EndGlobal
